// !$*UTF8*$!
{
	archiveVersion = 1;
	classes = {
	};
	objectVersion = 46;
	objects = {

/* Begin PBXBuildFile section */
		B823D06B1C8D694A0036DD33 /* main.m in Sources */ = {isa = PBXBuildFile; fileRef = B823D06A1C8D694A0036DD33 /* main.m */; };
		B823D06E1C8D694A0036DD33 /* AppDelegate.m in Sources */ = {isa = PBXBuildFile; fileRef = B823D06D1C8D694A0036DD33 /* AppDelegate.m */; };
		B823D0711C8D694A0036DD33 /* ViewController.m in Sources */ = {isa = PBXBuildFile; fileRef = B823D0701C8D694A0036DD33 /* ViewController.m */; };
		B823D0741C8D694A0036DD33 /* Main.storyboard in Resources */ = {isa = PBXBuildFile; fileRef = B823D0721C8D694A0036DD33 /* Main.storyboard */; };
		B823D0761C8D694A0036DD33 /* Assets.xcassets in Resources */ = {isa = PBXBuildFile; fileRef = B823D0751C8D694A0036DD33 /* Assets.xcassets */; };
		B823D0791C8D694A0036DD33 /* LaunchScreen.storyboard in Resources */ = {isa = PBXBuildFile; fileRef = B823D0771C8D694A0036DD33 /* LaunchScreen.storyboard */; };
		B823D0841C8D694A0036DD33 /* testCITests.m in Sources */ = {isa = PBXBuildFile; fileRef = B823D0831C8D694A0036DD33 /* testCITests.m */; };
		B823D08F1C8D694A0036DD33 /* testCIUITests.m in Sources */ = {isa = PBXBuildFile; fileRef = B823D08E1C8D694A0036DD33 /* testCIUITests.m */; };
/* End PBXBuildFile section */

/* Begin PBXContainerItemProxy section */
		B823D0801C8D694A0036DD33 /* PBXContainerItemProxy */ = {
			isa = PBXContainerItemProxy;
			containerPortal = B823D05E1C8D694A0036DD33 /* Project object */;
			proxyType = 1;
			remoteGlobalIDString = B823D0651C8D694A0036DD33;
			remoteInfo = testCI;
		};
		B823D08B1C8D694A0036DD33 /* PBXContainerItemProxy */ = {
			isa = PBXContainerItemProxy;
			containerPortal = B823D05E1C8D694A0036DD33 /* Project object */;
			proxyType = 1;
			remoteGlobalIDString = B823D0651C8D694A0036DD33;
			remoteInfo = testCI;
		};
/* End PBXContainerItemProxy section */

/* Begin PBXFileReference section */
		B823D0661C8D694A0036DD33 /* testCI.app */ = {isa = PBXFileReference; explicitFileType = wrapper.application; includeInIndex = 0; path = testCI.app; sourceTree = BUILT_PRODUCTS_DIR; };
		B823D06A1C8D694A0036DD33 /* main.m */ = {isa = PBXFileReference; lastKnownFileType = sourcecode.c.objc; path = main.m; sourceTree = "<group>"; };
		B823D06C1C8D694A0036DD33 /* AppDelegate.h */ = {isa = PBXFileReference; lastKnownFileType = sourcecode.c.h; path = AppDelegate.h; sourceTree = "<group>"; };
		B823D06D1C8D694A0036DD33 /* AppDelegate.m */ = {isa = PBXFileReference; lastKnownFileType = sourcecode.c.objc; path = AppDelegate.m; sourceTree = "<group>"; };
		B823D06F1C8D694A0036DD33 /* ViewController.h */ = {isa = PBXFileReference; lastKnownFileType = sourcecode.c.h; path = ViewController.h; sourceTree = "<group>"; };
		B823D0701C8D694A0036DD33 /* ViewController.m */ = {isa = PBXFileReference; lastKnownFileType = sourcecode.c.objc; path = ViewController.m; sourceTree = "<group>"; };
		B823D0731C8D694A0036DD33 /* Base */ = {isa = PBXFileReference; lastKnownFileType = file.storyboard; name = Base; path = Base.lproj/Main.storyboard; sourceTree = "<group>"; };
		B823D0751C8D694A0036DD33 /* Assets.xcassets */ = {isa = PBXFileReference; lastKnownFileType = folder.assetcatalog; path = Assets.xcassets; sourceTree = "<group>"; };
		B823D0781C8D694A0036DD33 /* Base */ = {isa = PBXFileReference; lastKnownFileType = file.storyboard; name = Base; path = Base.lproj/LaunchScreen.storyboard; sourceTree = "<group>"; };
		B823D07A1C8D694A0036DD33 /* Info.plist */ = {isa = PBXFileReference; lastKnownFileType = text.plist.xml; path = Info.plist; sourceTree = "<group>"; };
		B823D07F1C8D694A0036DD33 /* testCITests.xctest */ = {isa = PBXFileReference; explicitFileType = wrapper.cfbundle; includeInIndex = 0; path = testCITests.xctest; sourceTree = BUILT_PRODUCTS_DIR; };
		B823D0831C8D694A0036DD33 /* testCITests.m */ = {isa = PBXFileReference; lastKnownFileType = sourcecode.c.objc; path = testCITests.m; sourceTree = "<group>"; };
		B823D0851C8D694A0036DD33 /* Info.plist */ = {isa = PBXFileReference; lastKnownFileType = text.plist.xml; path = Info.plist; sourceTree = "<group>"; };
		B823D08A1C8D694A0036DD33 /* testCIUITests.xctest */ = {isa = PBXFileReference; explicitFileType = wrapper.cfbundle; includeInIndex = 0; path = testCIUITests.xctest; sourceTree = BUILT_PRODUCTS_DIR; };
		B823D08E1C8D694A0036DD33 /* testCIUITests.m */ = {isa = PBXFileReference; lastKnownFileType = sourcecode.c.objc; path = testCIUITests.m; sourceTree = "<group>"; };
		B823D0901C8D694A0036DD33 /* Info.plist */ = {isa = PBXFileReference; lastKnownFileType = text.plist.xml; path = Info.plist; sourceTree = "<group>"; };
/* End PBXFileReference section */

/* Begin PBXFrameworksBuildPhase section */
		B823D0631C8D694A0036DD33 /* Frameworks */ = {
			isa = PBXFrameworksBuildPhase;
			buildActionMask = 2147483647;
			files = (
			);
			runOnlyForDeploymentPostprocessing = 0;
		};
		B823D07C1C8D694A0036DD33 /* Frameworks */ = {
			isa = PBXFrameworksBuildPhase;
			buildActionMask = 2147483647;
			files = (
			);
			runOnlyForDeploymentPostprocessing = 0;
		};
		B823D0871C8D694A0036DD33 /* Frameworks */ = {
			isa = PBXFrameworksBuildPhase;
			buildActionMask = 2147483647;
			files = (
			);
			runOnlyForDeploymentPostprocessing = 0;
		};
/* End PBXFrameworksBuildPhase section */

/* Begin PBXGroup section */
		B823D05D1C8D694A0036DD33 = {
			isa = PBXGroup;
			children = (
				B823D0681C8D694A0036DD33 /* testCI */,
				B823D0821C8D694A0036DD33 /* testCITests */,
				B823D08D1C8D694A0036DD33 /* testCIUITests */,
				B823D0671C8D694A0036DD33 /* Products */,
			);
			sourceTree = "<group>";
		};
		B823D0671C8D694A0036DD33 /* Products */ = {
			isa = PBXGroup;
			children = (
				B823D0661C8D694A0036DD33 /* testCI.app */,
				B823D07F1C8D694A0036DD33 /* testCITests.xctest */,
				B823D08A1C8D694A0036DD33 /* testCIUITests.xctest */,
			);
			name = Products;
			sourceTree = "<group>";
		};
		B823D0681C8D694A0036DD33 /* testCI */ = {
			isa = PBXGroup;
			children = (
				B823D06C1C8D694A0036DD33 /* AppDelegate.h */,
				B823D06D1C8D694A0036DD33 /* AppDelegate.m */,
				B823D06F1C8D694A0036DD33 /* ViewController.h */,
				B823D0701C8D694A0036DD33 /* ViewController.m */,
				B823D0721C8D694A0036DD33 /* Main.storyboard */,
				B823D0751C8D694A0036DD33 /* Assets.xcassets */,
				B823D0771C8D694A0036DD33 /* LaunchScreen.storyboard */,
				B823D07A1C8D694A0036DD33 /* Info.plist */,
				B823D0691C8D694A0036DD33 /* Supporting Files */,
			);
			path = testCI;
			sourceTree = "<group>";
		};
		B823D0691C8D694A0036DD33 /* Supporting Files */ = {
			isa = PBXGroup;
			children = (
				B823D06A1C8D694A0036DD33 /* main.m */,
			);
			name = "Supporting Files";
			sourceTree = "<group>";
		};
		B823D0821C8D694A0036DD33 /* testCITests */ = {
			isa = PBXGroup;
			children = (
				B823D0831C8D694A0036DD33 /* testCITests.m */,
				B823D0851C8D694A0036DD33 /* Info.plist */,
			);
			path = testCITests;
			sourceTree = "<group>";
		};
		B823D08D1C8D694A0036DD33 /* testCIUITests */ = {
			isa = PBXGroup;
			children = (
				B823D08E1C8D694A0036DD33 /* testCIUITests.m */,
				B823D0901C8D694A0036DD33 /* Info.plist */,
			);
			path = testCIUITests;
			sourceTree = "<group>";
		};
/* End PBXGroup section */

/* Begin PBXNativeTarget section */
		B823D0651C8D694A0036DD33 /* testCI */ = {
			isa = PBXNativeTarget;
			buildConfigurationList = B823D0931C8D694A0036DD33 /* Build configuration list for PBXNativeTarget "testCI" */;
			buildPhases = (
				B823D0621C8D694A0036DD33 /* Sources */,
				B823D0631C8D694A0036DD33 /* Frameworks */,
				B823D0641C8D694A0036DD33 /* Resources */,
			);
			buildRules = (
			);
			dependencies = (
			);
			name = testCI;
			productName = testCI;
			productReference = B823D0661C8D694A0036DD33 /* testCI.app */;
			productType = "com.apple.product-type.application";
		};
		B823D07E1C8D694A0036DD33 /* testCITests */ = {
			isa = PBXNativeTarget;
			buildConfigurationList = B823D0961C8D694A0036DD33 /* Build configuration list for PBXNativeTarget "testCITests" */;
			buildPhases = (
				B823D07B1C8D694A0036DD33 /* Sources */,
				B823D07C1C8D694A0036DD33 /* Frameworks */,
				B823D07D1C8D694A0036DD33 /* Resources */,
			);
			buildRules = (
			);
			dependencies = (
				B823D0811C8D694A0036DD33 /* PBXTargetDependency */,
			);
			name = testCITests;
			productName = testCITests;
			productReference = B823D07F1C8D694A0036DD33 /* testCITests.xctest */;
			productType = "com.apple.product-type.bundle.unit-test";
		};
		B823D0891C8D694A0036DD33 /* testCIUITests */ = {
			isa = PBXNativeTarget;
			buildConfigurationList = B823D0991C8D694A0036DD33 /* Build configuration list for PBXNativeTarget "testCIUITests" */;
			buildPhases = (
				B823D0861C8D694A0036DD33 /* Sources */,
				B823D0871C8D694A0036DD33 /* Frameworks */,
				B823D0881C8D694A0036DD33 /* Resources */,
			);
			buildRules = (
			);
			dependencies = (
				B823D08C1C8D694A0036DD33 /* PBXTargetDependency */,
			);
			name = testCIUITests;
			productName = testCIUITests;
			productReference = B823D08A1C8D694A0036DD33 /* testCIUITests.xctest */;
			productType = "com.apple.product-type.bundle.ui-testing";
		};
/* End PBXNativeTarget section */

/* Begin PBXProject section */
		B823D05E1C8D694A0036DD33 /* Project object */ = {
			isa = PBXProject;
			attributes = {
				LastUpgradeCheck = 0720;
				ORGANIZATIONNAME = "Harvey Yang";
				TargetAttributes = {
					B823D0651C8D694A0036DD33 = {
						CreatedOnToolsVersion = 7.2.1;
					};
					B823D07E1C8D694A0036DD33 = {
						CreatedOnToolsVersion = 7.2.1;
						DevelopmentTeam = E5QVK8755P;
						TestTargetID = B823D0651C8D694A0036DD33;
					};
					B823D0891C8D694A0036DD33 = {
						CreatedOnToolsVersion = 7.2.1;
						DevelopmentTeam = E5QVK8755P;
						TestTargetID = B823D0651C8D694A0036DD33;
					};
				};
			};
			buildConfigurationList = B823D0611C8D694A0036DD33 /* Build configuration list for PBXProject "testCI" */;
			compatibilityVersion = "Xcode 3.2";
			developmentRegion = English;
			hasScannedForEncodings = 0;
			knownRegions = (
				en,
				Base,
			);
			mainGroup = B823D05D1C8D694A0036DD33;
			productRefGroup = B823D0671C8D694A0036DD33 /* Products */;
			projectDirPath = "";
			projectRoot = "";
			targets = (
				B823D0651C8D694A0036DD33 /* testCI */,
				B823D07E1C8D694A0036DD33 /* testCITests */,
				B823D0891C8D694A0036DD33 /* testCIUITests */,
			);
		};
/* End PBXProject section */

/* Begin PBXResourcesBuildPhase section */
		B823D0641C8D694A0036DD33 /* Resources */ = {
			isa = PBXResourcesBuildPhase;
			buildActionMask = 2147483647;
			files = (
				B823D0791C8D694A0036DD33 /* LaunchScreen.storyboard in Resources */,
				B823D0761C8D694A0036DD33 /* Assets.xcassets in Resources */,
				B823D0741C8D694A0036DD33 /* Main.storyboard in Resources */,
			);
			runOnlyForDeploymentPostprocessing = 0;
		};
		B823D07D1C8D694A0036DD33 /* Resources */ = {
			isa = PBXResourcesBuildPhase;
			buildActionMask = 2147483647;
			files = (
			);
			runOnlyForDeploymentPostprocessing = 0;
		};
		B823D0881C8D694A0036DD33 /* Resources */ = {
			isa = PBXResourcesBuildPhase;
			buildActionMask = 2147483647;
			files = (
			);
			runOnlyForDeploymentPostprocessing = 0;
		};
/* End PBXResourcesBuildPhase section */

/* Begin PBXSourcesBuildPhase section */
		B823D0621C8D694A0036DD33 /* Sources */ = {
			isa = PBXSourcesBuildPhase;
			buildActionMask = 2147483647;
			files = (
				B823D0711C8D694A0036DD33 /* ViewController.m in Sources */,
				B823D06E1C8D694A0036DD33 /* AppDelegate.m in Sources */,
				B823D06B1C8D694A0036DD33 /* main.m in Sources */,
			);
			runOnlyForDeploymentPostprocessing = 0;
		};
		B823D07B1C8D694A0036DD33 /* Sources */ = {
			isa = PBXSourcesBuildPhase;
			buildActionMask = 2147483647;
			files = (
				B823D0841C8D694A0036DD33 /* testCITests.m in Sources */,
			);
			runOnlyForDeploymentPostprocessing = 0;
		};
		B823D0861C8D694A0036DD33 /* Sources */ = {
			isa = PBXSourcesBuildPhase;
			buildActionMask = 2147483647;
			files = (
				B823D08F1C8D694A0036DD33 /* testCIUITests.m in Sources */,
			);
			runOnlyForDeploymentPostprocessing = 0;
		};
/* End PBXSourcesBuildPhase section */

/* Begin PBXTargetDependency section */
		B823D0811C8D694A0036DD33 /* PBXTargetDependency */ = {
			isa = PBXTargetDependency;
			target = B823D0651C8D694A0036DD33 /* testCI */;
			targetProxy = B823D0801C8D694A0036DD33 /* PBXContainerItemProxy */;
		};
		B823D08C1C8D694A0036DD33 /* PBXTargetDependency */ = {
			isa = PBXTargetDependency;
			target = B823D0651C8D694A0036DD33 /* testCI */;
			targetProxy = B823D08B1C8D694A0036DD33 /* PBXContainerItemProxy */;
		};
/* End PBXTargetDependency section */

/* Begin PBXVariantGroup section */
		B823D0721C8D694A0036DD33 /* Main.storyboard */ = {
			isa = PBXVariantGroup;
			children = (
				B823D0731C8D694A0036DD33 /* Base */,
			);
			name = Main.storyboard;
			sourceTree = "<group>";
		};
		B823D0771C8D694A0036DD33 /* LaunchScreen.storyboard */ = {
			isa = PBXVariantGroup;
			children = (
				B823D0781C8D694A0036DD33 /* Base */,
			);
			name = LaunchScreen.storyboard;
			sourceTree = "<group>";
		};
/* End PBXVariantGroup section */

/* Begin XCBuildConfiguration section */
		B823D0911C8D694A0036DD33 /* Debug */ = {
			isa = XCBuildConfiguration;
			buildSettings = {
				ALWAYS_SEARCH_USER_PATHS = NO;
				CLANG_CXX_LANGUAGE_STANDARD = "gnu++0x";
				CLANG_CXX_LIBRARY = "libc++";
				CLANG_ENABLE_MODULES = YES;
				CLANG_ENABLE_OBJC_ARC = YES;
				CLANG_WARN_BOOL_CONVERSION = YES;
				CLANG_WARN_CONSTANT_CONVERSION = YES;
				CLANG_WARN_DIRECT_OBJC_ISA_USAGE = YES_ERROR;
				CLANG_WARN_EMPTY_BODY = YES;
				CLANG_WARN_ENUM_CONVERSION = YES;
				CLANG_WARN_INT_CONVERSION = YES;
				CLANG_WARN_OBJC_ROOT_CLASS = YES_ERROR;
				CLANG_WARN_UNREACHABLE_CODE = YES;
				CLANG_WARN__DUPLICATE_METHOD_MATCH = YES;
				"CODE_SIGN_IDENTITY[sdk=iphoneos*]" = "iPhone Developer";
				COPY_PHASE_STRIP = NO;
				DEBUG_INFORMATION_FORMAT = dwarf;
				ENABLE_STRICT_OBJC_MSGSEND = YES;
				ENABLE_TESTABILITY = YES;
				GCC_C_LANGUAGE_STANDARD = gnu99;
				GCC_DYNAMIC_NO_PIC = NO;
				GCC_NO_COMMON_BLOCKS = YES;
				GCC_OPTIMIZATION_LEVEL = 0;
				GCC_PREPROCESSOR_DEFINITIONS = (
					"DEBUG=1",
					"$(inherited)",
				);
				GCC_WARN_64_TO_32_BIT_CONVERSION = YES;
				GCC_WARN_ABOUT_RETURN_TYPE = YES_ERROR;
				GCC_WARN_UNDECLARED_SELECTOR = YES;
				GCC_WARN_UNINITIALIZED_AUTOS = YES_AGGRESSIVE;
				GCC_WARN_UNUSED_FUNCTION = YES;
				GCC_WARN_UNUSED_VARIABLE = YES;
				IPHONEOS_DEPLOYMENT_TARGET = 9.2;
				MTL_ENABLE_DEBUG_INFO = YES;
				ONLY_ACTIVE_ARCH = YES;
				SDKROOT = iphoneos;
			};
			name = Debug;
		};
		B823D0921C8D694A0036DD33 /* Release */ = {
			isa = XCBuildConfiguration;
			buildSettings = {
				ALWAYS_SEARCH_USER_PATHS = NO;
				CLANG_CXX_LANGUAGE_STANDARD = "gnu++0x";
				CLANG_CXX_LIBRARY = "libc++";
				CLANG_ENABLE_MODULES = YES;
				CLANG_ENABLE_OBJC_ARC = YES;
				CLANG_WARN_BOOL_CONVERSION = YES;
				CLANG_WARN_CONSTANT_CONVERSION = YES;
				CLANG_WARN_DIRECT_OBJC_ISA_USAGE = YES_ERROR;
				CLANG_WARN_EMPTY_BODY = YES;
				CLANG_WARN_ENUM_CONVERSION = YES;
				CLANG_WARN_INT_CONVERSION = YES;
				CLANG_WARN_OBJC_ROOT_CLASS = YES_ERROR;
				CLANG_WARN_UNREACHABLE_CODE = YES;
				CLANG_WARN__DUPLICATE_METHOD_MATCH = YES;
				"CODE_SIGN_IDENTITY[sdk=iphoneos*]" = "iPhone Developer";
				COPY_PHASE_STRIP = NO;
				DEBUG_INFORMATION_FORMAT = "dwarf-with-dsym";
				ENABLE_NS_ASSERTIONS = NO;
				ENABLE_STRICT_OBJC_MSGSEND = YES;
				GCC_C_LANGUAGE_STANDARD = gnu99;
				GCC_NO_COMMON_BLOCKS = YES;
				GCC_WARN_64_TO_32_BIT_CONVERSION = YES;
				GCC_WARN_ABOUT_RETURN_TYPE = YES_ERROR;
				GCC_WARN_UNDECLARED_SELECTOR = YES;
				GCC_WARN_UNINITIALIZED_AUTOS = YES_AGGRESSIVE;
				GCC_WARN_UNUSED_FUNCTION = YES;
				GCC_WARN_UNUSED_VARIABLE = YES;
				IPHONEOS_DEPLOYMENT_TARGET = 9.2;
				MTL_ENABLE_DEBUG_INFO = NO;
				SDKROOT = iphoneos;
				VALIDATE_PRODUCT = YES;
			};
			name = Release;
		};
		B823D0941C8D694A0036DD33 /* Debug */ = {
			isa = XCBuildConfiguration;
			buildSettings = {
				ASSETCATALOG_COMPILER_APPICON_NAME = AppIcon;
				CODE_SIGN_IDENTITY = "iPhone Developer: Wei Feng Hou (8VZ392J72E)";
				"CODE_SIGN_IDENTITY[sdk=iphoneos*]" = "iPhone Developer";
				INFOPLIST_FILE = testCI/Info.plist;
				LD_RUNPATH_SEARCH_PATHS = "$(inherited) @executable_path/Frameworks";
				PRODUCT_BUNDLE_IDENTIFIER = com.shenzhenware.testCI;
				PRODUCT_NAME = "$(TARGET_NAME)";
			};
			name = Debug;
		};
		B823D0951C8D694A0036DD33 /* Release */ = {
			isa = XCBuildConfiguration;
			buildSettings = {
				ASSETCATALOG_COMPILER_APPICON_NAME = AppIcon;
				CODE_SIGN_IDENTITY = "iPhone Developer: Wei Feng Hou (8VZ392J72E)";
				"CODE_SIGN_IDENTITY[sdk=iphoneos*]" = "iPhone Developer";
				INFOPLIST_FILE = testCI/Info.plist;
				LD_RUNPATH_SEARCH_PATHS = "$(inherited) @executable_path/Frameworks";
				PRODUCT_BUNDLE_IDENTIFIER = com.shenzhenware.testCI;
				PRODUCT_NAME = "$(TARGET_NAME)";
			};
			name = Release;
		};
		B823D0971C8D694A0036DD33 /* Debug */ = {
			isa = XCBuildConfiguration;
			buildSettings = {
				BUNDLE_LOADER = "$(TEST_HOST)";
				INFOPLIST_FILE = testCITests/Info.plist;
				LD_RUNPATH_SEARCH_PATHS = "$(inherited) @executable_path/Frameworks @loader_path/Frameworks";
				PRODUCT_BUNDLE_IDENTIFIER = com.shenzhenware.testCITests;
				PRODUCT_NAME = "$(TARGET_NAME)";
				TEST_HOST = "$(BUILT_PRODUCTS_DIR)/testCI.app/testCI";
			};
			name = Debug;
		};
		B823D0981C8D694A0036DD33 /* Release */ = {
			isa = XCBuildConfiguration;
			buildSettings = {
				BUNDLE_LOADER = "$(TEST_HOST)";
				INFOPLIST_FILE = testCITests/Info.plist;
				LD_RUNPATH_SEARCH_PATHS = "$(inherited) @executable_path/Frameworks @loader_path/Frameworks";
				PRODUCT_BUNDLE_IDENTIFIER = com.shenzhenware.testCITests;
				PRODUCT_NAME = "$(TARGET_NAME)";
				TEST_HOST = "$(BUILT_PRODUCTS_DIR)/testCI.app/testCI";
			};
			name = Release;
		};
		B823D09A1C8D694A0036DD33 /* Debug */ = {
			isa = XCBuildConfiguration;
			buildSettings = {
				INFOPLIST_FILE = testCIUITests/Info.plist;
				LD_RUNPATH_SEARCH_PATHS = "$(inherited) @executable_path/Frameworks @loader_path/Frameworks";
				PRODUCT_BUNDLE_IDENTIFIER = com.shenzhenware.testCIUITests;
				PRODUCT_NAME = "$(TARGET_NAME)";
				TEST_TARGET_NAME = testCI;
				USES_XCTRUNNER = YES;
			};
			name = Debug;
		};
		B823D09B1C8D694A0036DD33 /* Release */ = {
			isa = XCBuildConfiguration;
			buildSettings = {
				INFOPLIST_FILE = testCIUITests/Info.plist;
				LD_RUNPATH_SEARCH_PATHS = "$(inherited) @executable_path/Frameworks @loader_path/Frameworks";
				PRODUCT_BUNDLE_IDENTIFIER = com.shenzhenware.testCIUITests;
				PRODUCT_NAME = "$(TARGET_NAME)";
				TEST_TARGET_NAME = testCI;
				USES_XCTRUNNER = YES;
			};
			name = Release;
		};
/* End XCBuildConfiguration section */

/* Begin XCConfigurationList section */
		B823D0611C8D694A0036DD33 /* Build configuration list for PBXProject "testCI" */ = {
			isa = XCConfigurationList;
			buildConfigurations = (
				B823D0911C8D694A0036DD33 /* Debug */,
				B823D0921C8D694A0036DD33 /* Release */,
			);
			defaultConfigurationIsVisible = 0;
			defaultConfigurationName = Release;
		};
		B823D0931C8D694A0036DD33 /* Build configuration list for PBXNativeTarget "testCI" */ = {
			isa = XCConfigurationList;
			buildConfigurations = (
				B823D0941C8D694A0036DD33 /* Debug */,
				B823D0951C8D694A0036DD33 /* Release */,
			);
			defaultConfigurationIsVisible = 0;
		};
		B823D0961C8D694A0036DD33 /* Build configuration list for PBXNativeTarget "testCITests" */ = {
			isa = XCConfigurationList;
			buildConfigurations = (
				B823D0971C8D694A0036DD33 /* Debug */,
				B823D0981C8D694A0036DD33 /* Release */,
			);
			defaultConfigurationIsVisible = 0;
		};
		B823D0991C8D694A0036DD33 /* Build configuration list for PBXNativeTarget "testCIUITests" */ = {
			isa = XCConfigurationList;
			buildConfigurations = (
				B823D09A1C8D694A0036DD33 /* Debug */,
				B823D09B1C8D694A0036DD33 /* Release */,
			);
			defaultConfigurationIsVisible = 0;
		};
/* End XCConfigurationList section */
	};
	rootObject = B823D05E1C8D694A0036DD33 /* Project object */;
}
